
Microsoft Visual Studio Solution File, Format Version 12.00
# Visual Studio Version 17
VisualStudioVersion = 17.3.32819.101
MinimumVisualStudioVersion = 10.0.40219.1
Project("{9A19103F-16F7-4668-BE54-9A1E7A4F7556}") = "aspNet_Core_MVC", "aspNet_Core_MVC\aspNet_Core_MVC.csproj", "{8B65FA7B-78F5-403D-BAC3-CCB23174458F}"
EndProject
Project("{9A19103F-16F7-4668-BE54-9A1E7A4F7556}") = "ThucHanh1", "ThucHanh1\ThucHanh1.csproj", "{9A82E918-912B-416D-828E-1122566BA90C}"
EndProject
Project("{9A19103F-16F7-4668-BE54-9A1E7A4F7556}") = "StudentManager_b2", "StudentManager\StudentManager_b2.csproj", "{8FB391CA-8875-420B-9DA4-7585B6F8CDB9}"
EndProject
Project("{9A19103F-16F7-4668-BE54-9A1E7A4F7556}") = "btvn_FruitManager_b2", "btvn_FruitManager_b2\btvn_FruitManager_b2.csproj", "{80B567F0-DDF7-44BA-9579-958CD4817B80}"
EndProject
Project("{FAE04EC0-301F-11D3-BF4B-00C04F79EFBC}") = "WorkWithDatabase_b3", "WorkWithDatabase_b3\WorkWithDatabase_b3.csproj", "{A1CA633C-459C-4207-AC73-028BF098779B}"
EndProject
Global
	GlobalSection(SolutionConfigurationPlatforms) = preSolution
		Debug|Any CPU = Debug|Any CPU
		Release|Any CPU = Release|Any CPU
	EndGlobalSection
	GlobalSection(ProjectConfigurationPlatforms) = postSolution
		{8B65FA7B-78F5-403D-BAC3-CCB23174458F}.Debug|Any CPU.ActiveCfg = Debug|Any CPU
		{8B65FA7B-78F5-403D-BAC3-CCB23174458F}.Debug|Any CPU.Build.0 = Debug|Any CPU
		{8B65FA7B-78F5-403D-BAC3-CCB23174458F}.Release|Any CPU.ActiveCfg = Release|Any CPU
		{8B65FA7B-78F5-403D-BAC3-CCB23174458F}.Release|Any CPU.Build.0 = Release|Any CPU
		{9A82E918-912B-416D-828E-1122566BA90C}.Debug|Any CPU.ActiveCfg = Debug|Any CPU
		{9A82E918-912B-416D-828E-1122566BA90C}.Debug|Any CPU.Build.0 = Debug|Any CPU
		{9A82E918-912B-416D-828E-1122566BA90C}.Release|Any CPU.ActiveCfg = Release|Any CPU
		{9A82E918-912B-416D-828E-1122566BA90C}.Release|Any CPU.Build.0 = Release|Any CPU
		{8FB391CA-8875-420B-9DA4-7585B6F8CDB9}.Debug|Any CPU.ActiveCfg = Debug|Any CPU
		{8FB391CA-8875-420B-9DA4-7585B6F8CDB9}.Debug|Any CPU.Build.0 = Debug|Any CPU
		{8FB391CA-8875-420B-9DA4-7585B6F8CDB9}.Release|Any CPU.ActiveCfg = Release|Any CPU
		{8FB391CA-8875-420B-9DA4-7585B6F8CDB9}.Release|Any CPU.Build.0 = Release|Any CPU
		{80B567F0-DDF7-44BA-9579-958CD4817B80}.Debug|Any CPU.ActiveCfg = Debug|Any CPU
		{80B567F0-DDF7-44BA-9579-958CD4817B80}.Debug|Any CPU.Build.0 = Debug|Any CPU
		{80B567F0-DDF7-44BA-9579-958CD4817B80}.Release|Any CPU.ActiveCfg = Release|Any CPU
		{80B567F0-DDF7-44BA-9579-958CD4817B80}.Release|Any CPU.Build.0 = Release|Any CPU
		{A1CA633C-459C-4207-AC73-028BF098779B}.Debug|Any CPU.ActiveCfg = Debug|Any CPU
		{A1CA633C-459C-4207-AC73-028BF098779B}.Debug|Any CPU.Build.0 = Debug|Any CPU
		{A1CA633C-459C-4207-AC73-028BF098779B}.Release|Any CPU.ActiveCfg = Release|Any CPU
		{A1CA633C-459C-4207-AC73-028BF098779B}.Release|Any CPU.Build.0 = Release|Any CPU
	EndGlobalSection
	GlobalSection(SolutionProperties) = preSolution
		HideSolutionNode = FALSE
	EndGlobalSection
	GlobalSection(ExtensibilityGlobals) = postSolution
		SolutionGuid = {DBDB364D-8614-4970-8432-403CA9F02B33}
	EndGlobalSection
EndGlobal
